version = 1
revision = 3
requires-python = ">=3.13"

[[package]]
name = "aiofiles"
version = "24.1.0"
source = { registry = "https://pypi.org/simple" }
sdist = { url = "https://files.pythonhosted.org/packages/0b/03/a88171e277e8caa88a4c77808c20ebb04ba74cc4681bf1e9416c862de237/aiofiles-24.1.0.tar.gz", hash = "sha256:22a075c9e5a3810f0c2e48f3008c94d68c65d763b9b03857924c99e57355166c", size = 30247, upload-time = "2024-06-24T11:02:03.584Z" }
wheels = [
    { url = "https://files.pythonhosted.org/packages/a5/45/30bb92d442636f570cb5651bc661f52b610e2eec3f891a5dc3a4c3667db0/aiofiles-24.1.0-py3-none-any.whl", hash = "sha256:b4ec55f4195e3eb5d7abd1bf7e061763e864dd4954231fb8539a0ef8bb8260e5", size = 15896, upload-time = "2024-06-24T11:02:01.529Z" },
]

[[package]]
name = "asttokens"
version = "3.0.0"
source = { registry = "https://pypi.org/simple" }
sdist = { url = "https://files.pythonhosted.org/packages/4a/e7/82da0a03e7ba5141f05cce0d302e6eed121ae055e0456ca228bf693984bc/asttokens-3.0.0.tar.gz", hash = "sha256:0dcd8baa8d62b0c1d118b399b2ddba3c4aff271d0d7a9e0d4c1681c79035bbc7", size = 61978, upload-time = "2024-11-30T04:30:14.439Z" }
wheels = [
    { url = "https://files.pythonhosted.org/packages/25/8a/c46dcc25341b5bce5472c718902eb3d38600a903b14fa6aeecef3f21a46f/asttokens-3.0.0-py3-none-any.whl", hash = "sha256:e3078351a059199dd5138cb1c706e6430c05eff2ff136af5eb4790f9d28932e2", size = 26918, upload-time = "2024-11-30T04:30:10.946Z" },
]

[[package]]
name = "asynciolimiter"
version = "1.2.0"
source = { registry = "https://pypi.org/simple" }
sdist = { url = "https://files.pythonhosted.org/packages/5b/95/e419550994947b564302c6d6641462d1c154e535df7e6a4bedc2801ec6d5/asynciolimiter-1.2.0.tar.gz", hash = "sha256:ac1a237c3dbd3c33041c9f9fc1a687c8e6b5268af69da84399967173a344b265", size = 8343, upload-time = "2025-03-18T08:44:43.489Z" }
wheels = [
    { url = "https://files.pythonhosted.org/packages/ee/91/2fd273f5c9d041e987cb03f487722355527c412870ece6f803fe2799f2a7/asynciolimiter-1.2.0-py3-none-any.whl", hash = "sha256:0d255de14459f961c8baee7f91e114a6ffb9ce5615e9b19c0049e8ae7e2ac84c", size = 8372, upload-time = "2025-03-18T08:44:42.2Z" },
]

[[package]]
name = "bucklers-sf6-scraper"
version = "0.1.1"
source = { virtual = "." }
dependencies = [
    { name = "aiofiles" },
    { name = "asynciolimiter" },
    { name = "ipython" },
    { name = "python-dotenv" },
    { name = "rnet" },
    { name = "selectolax" },
]

[package.metadata]
requires-dist = [
    { name = "aiofiles", specifier = ">=24.1.0" },
    { name = "asynciolimiter", specifier = ">=1.2.0" },
    { name = "ipython", specifier = ">=9.4.0" },
    { name = "python-dotenv", specifier = ">=1.2.2" },
    { name = "rnet", specifier = ">=2.3.9" },
    { name = "selectolax", specifier = ">=0.3.31" },
]

[[package]]
name = "colorama"
version = "0.4.6"
source = { registry = "https://pypi.org/simple" }
sdist = { url = "https://files.pythonhosted.org/packages/d8/53/6f443c9a4a8358a93a6792e2acffb9d9d5cb0a5cfd8802644b7b1c9a02e4/colorama-0.4.6.tar.gz", hash = "sha256:08695f5cb7ed6e0531a20572697297273c47b8cae5a63ffc6d6ed5c201be6e44", size = 27697, upload-time = "2022-10-25T02:36:22.414Z" }
wheels = [
    { url = "https://files.pythonhosted.org/packages/d1/d6/3965ed04c63042e047cb6a3e6ed1a63a35087b6a609aa3a15ed8ac56c221/colorama-0.4.6-py2.py3-none-any.whl", hash = "sha256:4f1d9991f5acc0ca119f9d443620b77f9d6b33703e51011c16baf57afb285fc6", size = 25335, upload-time = "2022-10-25T02:36:20.889Z" },
]

[[package]]
name = "decorator"
version = "5.2.1"
source = { registry = "https://pypi.org/simple" }
sdist = { url = "https://files.pythonhosted.org/packages/43/fa/6d96a0978d19e17b68d634497769987b16c8f4cd0a7a05048bec693caa6b/decorator-5.2.1.tar.gz", hash = "sha256:65f266143752f734b0a7cc83c46f4618af75b8c5911b00ccb61d0ac9b6da0360", size = 56711, upload-time = "2025-02-24T04:41:34.073Z" }
wheels = [
    { url = "https://files.pythonhosted.org/packages/4e/8c/f3147f5c4b73e7550fe5f9352eaa956ae838d5c51eb58e7a25b9f3e2643b/decorator-5.2.1-py3-none-any.whl", hash = "sha256:d316bb415a2d9e2d2b3abcc4084c6502fc09240e292cd76a76afc106a1c8e04a", size = 9190, upload-time = "2025-02-24T04:41:32.565Z" },
]

[[package]]
name = "executing"
version = "2.2.0"
source = { registry = "https://pypi.org/simple" }
sdist = { url = "https://files.pythonhosted.org/packages/91/50/a9d80c47ff289c611ff12e63f7c5d13942c65d68125160cefd768c73e6e4/executing-2.2.0.tar.gz", hash = "sha256:5d108c028108fe2551d1a7b2e8b713341e2cb4fc0aa7dcf966fa4327a5226755", size = 978693, upload-time = "2025-01-22T15:41:29.403Z" }
wheels = [
    { url = "https://files.pythonhosted.org/packages/7b/8f/c4d9bafc34ad7ad5d8dc16dd1347ee0e507a52c3adb6bfa8887e1c6a26ba/executing-2.2.0-py2.py3-none-any.whl", hash = "sha256:11387150cad388d62750327a53d3339fad4888b39a6fe233c3afbb54ecffd3aa", size = 26702, upload-time = "2025-01-22T15:41:25.929Z" },
]

[[package]]
name = "ipython"
version = "9.4.0"
source = { registry = "https://pypi.org/simple" }
dependencies = [
    { name = "colorama", marker = "sys_platform == 'win32'" },
    { name = "decorator" },
    { name = "ipython-pygments-lexers" },
    { name = "jedi" },
    { name = "matplotlib-inline" },
    { name = "pexpect", marker = "sys_platform != 'emscripten' and sys_platform != 'win32'" },
    { name = "prompt-toolkit" },
    { name = "pygments" },
    { name = "stack-data" },
    { name = "traitlets" },
]
sdist = { url = "https://files.pythonhosted.org/packages/54/80/406f9e3bde1c1fd9bf5a0be9d090f8ae623e401b7670d8f6fdf2ab679891/ipython-9.4.0.tar.gz", hash = "sha256:c033c6d4e7914c3d9768aabe76bbe87ba1dc66a92a05db6bfa1125d81f2ee270", size = 4385338, upload-time = "2025-07-01T11:11:30.606Z" }
wheels = [
    { url = "https://files.pythonhosted.org/packages/63/f8/0031ee2b906a15a33d6bfc12dd09c3dfa966b3cb5b284ecfb7549e6ac3c4/ipython-9.4.0-py3-none-any.whl", hash = "sha256:25850f025a446d9b359e8d296ba175a36aedd32e83ca9b5060430fe16801f066", size = 611021, upload-time = "2025-07-01T11:11:27.85Z" },
]

[[package]]
name = "ipython-pygments-lexers"
version = "1.1.1"
source = { registry = "https://pypi.org/simple" }
dependencies = [
    { name = "pygments" },
]
sdist = { url = "https://files.pythonhosted.org/packages/ef/4c/5dd1d8af08107f88c7f741ead7a40854b8ac24ddf9ae850afbcf698aa552/ipython_pygments_lexers-1.1.1.tar.gz", hash = "sha256:09c0138009e56b6854f9535736f4171d855c8c08a563a0dcd8022f78355c7e81", size = 8393, upload-time = "2025-01-17T11:24:34.505Z" }
wheels = [
    { url = "https://files.pythonhosted.org/packages/d9/33/1f075bf72b0b747cb3288d011319aaf64083cf2efef8354174e3ed4540e2/ipython_pygments_lexers-1.1.1-py3-none-any.whl", hash = "sha256:a9462224a505ade19a605f71f8fa63c2048833ce50abc86768a0d81d876dc81c", size = 8074, upload-time = "2025-01-17T11:24:33.271Z" },
]

[[package]]
name = "jedi"
version = "0.19.2"
source = { registry = "https://pypi.org/simple" }
dependencies = [
    { name = "parso" },
]
sdist = { url = "https://files.pythonhosted.org/packages/72/3a/79a912fbd4d8dd6fbb02bf69afd3bb72cf0c729bb3063c6f4498603db17a/jedi-0.19.2.tar.gz", hash = "sha256:4770dc3de41bde3966b02eb84fbcf557fb33cce26ad23da12c742fb50ecb11f0", size = 1231287, upload-time = "2024-11-11T01:41:42.873Z" }
wheels = [
    { url = "https://files.pythonhosted.org/packages/c0/5a/9cac0c82afec3d09ccd97c8b6502d48f165f9124db81b4bcb90b4af974ee/jedi-0.19.2-py2.py3-none-any.whl", hash = "sha256:a8ef22bde8490f57fe5c7681a3c83cb58874daf72b4784de3cce5b6ef6edb5b9", size = 1572278, upload-time = "2024-11-11T01:41:40.175Z" },
]

[[package]]
name = "matplotlib-inline"
version = "0.1.7"
source = { registry = "https://pypi.org/simple" }
dependencies = [
    { name = "traitlets" },
]
sdist = { url = "https://files.pythonhosted.org/packages/99/5b/a36a337438a14116b16480db471ad061c36c3694df7c2084a0da7ba538b7/matplotlib_inline-0.1.7.tar.gz", hash = "sha256:8423b23ec666be3d16e16b60bdd8ac4e86e840ebd1dd11a30b9f117f2fa0ab90", size = 8159, upload-time = "2024-04-15T13:44:44.803Z" }
wheels = [
    { url = "https://files.pythonhosted.org/packages/8f/8e/9ad090d3553c280a8060fbf6e24dc1c0c29704ee7d1c372f0c174aa59285/matplotlib_inline-0.1.7-py3-none-any.whl", hash = "sha256:df192d39a4ff8f21b1895d72e6a13f5fcc5099f00fa84384e0ea28c2cc0653ca", size = 9899, upload-time = "2024-04-15T13:44:43.265Z" },
]

[[package]]
name = "parso"
version = "0.8.4"
source = { registry = "https://pypi.org/simple" }
sdist = { url = "https://files.pythonhosted.org/packages/66/94/68e2e17afaa9169cf6412ab0f28623903be73d1b32e208d9e8e541bb086d/parso-0.8.4.tar.gz", hash = "sha256:eb3a7b58240fb99099a345571deecc0f9540ea5f4dd2fe14c2a99d6b281ab92d", size = 400609, upload-time = "2024-04-05T09:43:55.897Z" }
wheels = [
    { url = "https://files.pythonhosted.org/packages/c6/ac/dac4a63f978e4dcb3c6d3a78c4d8e0192a113d288502a1216950c41b1027/parso-0.8.4-py2.py3-none-any.whl", hash = "sha256:a418670a20291dacd2dddc80c377c5c3791378ee1e8d12bffc35420643d43f18", size = 103650, upload-time = "2024-04-05T09:43:53.299Z" },
]

[[package]]
name = "pexpect"
version = "4.9.0"
source = { registry = "https://pypi.org/simple" }
dependencies = [
    { name = "ptyprocess" },
]
sdist = { url = "https://files.pythonhosted.org/packages/42/92/cc564bf6381ff43ce1f4d06852fc19a2f11d180f23dc32d9588bee2f149d/pexpect-4.9.0.tar.gz", hash = "sha256:ee7d41123f3c9911050ea2c2dac107568dc43b2d3b0c7557a33212c398ead30f", size = 166450, upload-time = "2023-11-25T09:07:26.339Z" }
wheels = [
    { url = "https://files.pythonhosted.org/packages/9e/c3/059298687310d527a58bb01f3b1965787ee3b40dce76752eda8b44e9a2c5/pexpect-4.9.0-py2.py3-none-any.whl", hash = "sha256:7236d1e080e4936be2dc3e326cec0af72acf9212a7e1d060210e70a47e253523", size = 63772, upload-time = "2023-11-25T06:56:14.81Z" },
]

[[package]]
name = "prompt-toolkit"
version = "3.0.51"
source = { registry = "https://pypi.org/simple" }
dependencies = [
    { name = "wcwidth" },
]
sdist = { url = "https://files.pythonhosted.org/packages/bb/6e/9d084c929dfe9e3bfe0c6a47e31f78a25c54627d64a66e884a8bf5474f1c/prompt_toolkit-3.0.51.tar.gz", hash = "sha256:931a162e3b27fc90c86f1b48bb1fb2c528c2761475e57c9c06de13311c7b54ed", size = 428940, upload-time = "2025-04-15T09:18:47.731Z" }
wheels = [
    { url = "https://files.pythonhosted.org/packages/ce/4f/5249960887b1fbe561d9ff265496d170b55a735b76724f10ef19f9e40716/prompt_toolkit-3.0.51-py3-none-any.whl", hash = "sha256:52742911fde84e2d423e2f9a4cf1de7d7ac4e51958f648d9540e0fb8db077b07", size = 387810, upload-time = "2025-04-15T09:18:44.753Z" },
]

[[package]]
name = "ptyprocess"
version = "0.7.0"
source = { registry = "https://pypi.org/simple" }
sdist = { url = "https://files.pythonhosted.org/packages/20/e5/16ff212c1e452235a90aeb09066144d0c5a6a8c0834397e03f5224495c4e/ptyprocess-0.7.0.tar.gz", hash = "sha256:5c5d0a3b48ceee0b48485e0c26037c0acd7d29765ca3fbb5cb3831d347423220", size = 70762, upload-time = "2020-12-28T15:15:30.155Z" }
wheels = [
    { url = "https://files.pythonhosted.org/packages/22/a6/858897256d0deac81a172289110f31629fc4cee19b6f01283303e18c8db3/ptyprocess-0.7.0-py2.py3-none-any.whl", hash = "sha256:4b41f3967fce3af57cc7e94b888626c18bf37a083e3651ca8feeb66d492fef35", size = 13993, upload-time = "2020-12-28T15:15:28.35Z" },
]

[[package]]
name = "pure-eval"
version = "0.2.3"
source = { registry = "https://pypi.org/simple" }
sdist = { url = "https://files.pythonhosted.org/packages/cd/05/0a34433a064256a578f1783a10da6df098ceaa4a57bbeaa96a6c0352786b/pure_eval-0.2.3.tar.gz", hash = "sha256:5f4e983f40564c576c7c8635ae88db5956bb2229d7e9237d03b3c0b0190eaf42", size = 19752, upload-time = "2024-07-21T12:58:21.801Z" }
wheels = [
    { url = "https://files.pythonhosted.org/packages/8e/37/efad0257dc6e593a18957422533ff0f87ede7c9c6ea010a2177d738fb82f/pure_eval-0.2.3-py3-none-any.whl", hash = "sha256:1db8e35b67b3d218d818ae653e27f06c3aa420901fa7b081ca98cbedc874e0d0", size = 11842, upload-time = "2024-07-21T12:58:20.04Z" },
]

[[package]]
name = "pygments"
version = "2.19.2"
source = { registry = "https://pypi.org/simple" }
sdist = { url = "https://files.pythonhosted.org/packages/b0/77/a5b8c569bf593b0140bde72ea885a803b82086995367bf2037de0159d924/pygments-2.19.2.tar.gz", hash = "sha256:636cb2477cec7f8952536970bc533bc43743542f70392ae026374600add5b887", size = 4968631, upload-time = "2025-06-21T13:39:12.283Z" }
wheels = [
    { url = "https://files.pythonhosted.org/packages/c7/21/705964c7812476f378728bdf590ca4b771ec72385c533964653c68e86bdc/pygments-2.19.2-py3-none-any.whl", hash = "sha256:86540386c03d588bb81d44bc3928634ff26449851e99741617ecb9037ee5ec0b", size = 1225217, upload-time = "2025-06-21T13:39:07.939Z" },
]

[[package]]
name = "python-dotenv"
version = "1.2.2"
source = { registry = "https://pypi.org/simple" }
sdist = { url = "https://files.pythonhosted.org/packages/82/ed/0301aeeac3e5353ef3d94b6ec08bbcabd04a72018415dcb29e588514bba8/python_dotenv-1.2.2.tar.gz", hash = "sha256:2c371a91fbd7ba082c2c1dc1f8bf89ca22564a087c2c287cd9b662adde799cf3", size = 50135, upload-time = "2026-03-01T16:00:26.196Z" }
wheels = [
    { url = "https://files.pythonhosted.org/packages/0b/d7/1959b9648791274998a9c3526f6d0ec8fd2233e4d4acce81bbae76b44b2a/python_dotenv-1.2.2-py3-none-any.whl", hash = "sha256:1d8214789a24de455a8b8bd8ae6fe3c6b69a5e3d64aa8a8e5d68e694bbcb285a", size = 22101, upload-time = "2026-03-01T16:00:25.09Z" },
]

[[package]]
name = "rnet"
version = "2.4.2"
source = { registry = "https://pypi.org/simple" }
sdist = { url = "https://files.pythonhosted.org/packages/10/bc/e5e4395e67803405900b98d503a23c1125432a5a73d2c311dd2ebe11b7fc/rnet-2.4.2.tar.gz", hash = "sha256:9fc9ea17a7afea799e10670f0c1da939f500c440760aeefe42209644ffef5bf5", size = 515573, upload-time = "2025-08-02T23:26:27.795Z" }
wheels = [
    { url = "https://files.pythonhosted.org/packages/9e/47/9f8e74522d1474d92ef1994dcd77a0e30956c5001a72ae85483f83e74f30/rnet-2.4.2-cp313-cp313-macosx_10_12_x86_64.whl", hash = "sha256:3f5c7cfb79d8064d9cbfc7cdf9fd3f32a22330b8f27debd9f359b713c1514315", size = 3694561, upload-time = "2025-08-02T23:25:29.321Z" },
    { url = "https://files.pythonhosted.org/packages/2a/47/3a98acf088886d719b29e962f48fcdcf72dc793f34f699587831fd786e5a/rnet-2.4.2-cp313-cp313-macosx_11_0_arm64.whl", hash = "sha256:c9b31e71f6320bf2bad053daaf18b8d31af35873bf35e58e769d6bb7f939ad51", size = 3420076, upload-time = "2025-08-02T23:25:16.323Z" },
    { url = "https://files.pythonhosted.org/packages/55/d9/3c33a0e3babeff757582379f47ac52b2d7ed309dc92540099a4f8bab38a3/rnet-2.4.2-cp313-cp313-manylinux_2_17_x86_64.manylinux2014_x86_64.whl", hash = "sha256:dbda077bbaac3d32434c87f2cfa27cc51ecf753a34d040eaf1810190930cc568", size = 3657915, upload-time = "2025-08-02T23:25:03.279Z" },
    { url = "https://files.pythonhosted.org/packages/25/02/88e0359a01023592aab19f14655bd353e578bb9d069327df70db8f4a262a/rnet-2.4.2-cp313-cp313-manylinux_2_34_aarch64.whl", hash = "sha256:799657600e048e6c5053a43cc9f1e0a8057401c6d8099db6b054da479d25ace3", size = 3602185, upload-time = "2025-08-02T23:24:25.724Z" },
    { url = "https://files.pythonhosted.org/packages/49/63/29cd012fd3ebc58a382624217dd8c4136f68418fe843023c8230a16f316a/rnet-2.4.2-cp313-cp313-manylinux_2_34_armv7l.whl", hash = "sha256:d6ff30824014b9550f7641224a4e6a8031d66cb82c54595e9fa2cdfe6d722cfe", size = 3418173, upload-time = "2025-08-02T23:24:38.574Z" },
    { url = "https://files.pythonhosted.org/packages/15/f7/02b63541b6016fe08c708676ec1ad977df1878ee87e8162f0a313671418b/rnet-2.4.2-cp313-cp313-manylinux_2_34_i686.whl", hash = "sha256:c5651c474ea168b30f64611b6e9285a36e5d6fb74effc032dda69592339d2345", size = 3679674, upload-time = "2025-08-02T23:24:50.586Z" },
    { url = "https://files.pythonhosted.org/packages/42/5d/e144b5d0e352761ff07cfd949e4e315638f1527933cbc71469d4e14304b2/rnet-2.4.2-cp313-cp313-musllinux_1_2_aarch64.whl", hash = "sha256:46b5ce10cbe9965cd12e9ff4304b1457d9f777e0ecd1e4b9beb52c58ca22e32e", size = 3953368, upload-time = "2025-08-02T23:25:41.655Z" },
    { url = "https://files.pythonhosted.org/packages/c8/87/7f6ab3c58f97f99e374c117e92775e414eb1a7303d4924429b7ee9cf5f43/rnet-2.4.2-cp313-cp313-musllinux_1_2_armv7l.whl", hash = "sha256:edc05735d72151111b203a22317f6f681e25fe363ad60eb84cad8ac4fe7bcb59", size = 3913525, upload-time = "2025-08-02T23:25:53.504Z" },
    { url = "https://files.pythonhosted.org/packages/2f/5a/2f93019314487d5c7c3161d78c6ac491196825f5d00ca0c0882fa996bd91/rnet-2.4.2-cp313-cp313-musllinux_1_2_i686.whl", hash = "sha256:9c2608adc060169f142eb254e3188034c7c6d09a533e95335712d52a630b1fa6", size = 4001822, upload-time = "2025-08-02T23:26:07.22Z" },
    { url = "https://files.pythonhosted.org/packages/51/91/7ba2f9747c00c10570bb225c234bae8a5ca3a6235edb4b5a24b91446b6b2/rnet-2.4.2-cp313-cp313-musllinux_1_2_x86_64.whl", hash = "sha256:42c5e3efa232fbe401a7139481112ca804ca4d2a95028aa920e0b2467adeb9e0", size = 4161629, upload-time = "2025-08-02T23:26:19.74Z" },
    { url = "https://files.pythonhosted.org/packages/eb/a9/0b611b864e8d5edaed77b94c547d5b46c34a8c135bab375213e31f579f44/rnet-2.4.2-cp313-cp313-win32.whl", hash = "sha256:229bee463e42574502e211cef37f4c1ca1bb920ee8d202d8d529375e3e3785bb", size = 3199980, upload-time = "2025-08-02T23:26:57.556Z" },
    { url = "https://files.pythonhosted.org/packages/4f/a1/c2beaf82d7e0a9ea9fd799e765ec511cd256ed2d16eee8815a2287e82e52/rnet-2.4.2-cp313-cp313-win_amd64.whl", hash = "sha256:188abfcc89d7b9d334767ca0d894a88c2a2c831befd6a2adb7af3e234061520a", size = 3560256, upload-time = "2025-08-02T23:26:45.089Z" },
    { url = "https://files.pythonhosted.org/packages/bf/02/67f725b5f87780829c7b8d9cac1055ea49de393c4a917145796a3857a63c/rnet-2.4.2-cp313-cp313-win_arm64.whl", hash = "sha256:ef2fdf2902a6c547a38b3518d181f69e9258407a773c80f507147e2a67c2c5dd", size = 3198950, upload-time = "2025-08-02T23:26:33.226Z" },
    { url = "https://files.pythonhosted.org/packages/c0/6a/8e29c555a9126b7f20350bbc070471ceccd098807da064f06b04fc15cc8c/rnet-2.4.2-cp313-cp313t-macosx_10_12_x86_64.whl", hash = "sha256:b5def780eec001fd44d0abfb88723a45d46d67dc149bd928a15cba55fe8f63ed", size = 3692355, upload-time = "2025-08-02T23:25:31.059Z" },
    { url = "https://files.pythonhosted.org/packages/d3/5a/ab8b5a762faba5a041d3ea9215bb88a4a929a9fd615921aa96511d0688ed/rnet-2.4.2-cp313-cp313t-macosx_11_0_arm64.whl", hash = "sha256:e291b20c39bcedeaed3d9d6350d380ed8ebbe46b268dc344026d4cf48c2ca226", size = 3410853, upload-time = "2025-08-02T23:25:17.599Z" },
    { url = "https://files.pythonhosted.org/packages/75/23/85f2e22006d635bcaa5e0fd759984f6dd6d0573fcb191b223b40d5ea2a1a/rnet-2.4.2-cp313-cp313t-manylinux_2_17_x86_64.manylinux2014_x86_64.whl", hash = "sha256:487e3131ecb0591af62100156f197ed688f5c8cfd3b635b5f012ec3d2c30ac6d", size = 3650465, upload-time = "2025-08-02T23:25:04.767Z" },
    { url = "https://files.pythonhosted.org/packages/d1/cf/192c988fdd2836c148dec1f3377e916944fdc891748c9dea5fc07fbbaefd/rnet-2.4.2-cp313-cp313t-manylinux_2_34_aarch64.whl", hash = "sha256:3d9c7618cfc4c67b236a490abcb4948a0568f8c016acb393b5d2393ffcb813b3", size = 3598032, upload-time = "2025-08-02T23:24:26.958Z" },
    { url = "https://files.pythonhosted.org/packages/8c/13/e9ba7fa2b630de4233213e13f36baf9ae0c524555b51f4e921e5922d2cd5/rnet-2.4.2-cp313-cp313t-manylinux_2_34_armv7l.whl", hash = "sha256:3ab48ceb3494ab09dbe2b67223c6a61c18388b14bb598fbdbace513cdeda9682", size = 3409810, upload-time = "2025-08-02T23:24:39.995Z" },
    { url = "https://files.pythonhosted.org/packages/16/3a/d92411f45468bcd882e62c7c5bcc1e4ce52d4e96a529c67267cc71061723/rnet-2.4.2-cp313-cp313t-manylinux_2_34_i686.whl", hash = "sha256:892ccc9fd0b33cca0f8e665d4b64a499443d53535994866dafd51ac8c6242483", size = 3673413, upload-time = "2025-08-02T23:24:52.189Z" },
    { url = "https://files.pythonhosted.org/packages/49/01/502e8257b61ff3b2e5091c2cd045b81e9195364d4358093d96814c7d8863/rnet-2.4.2-cp313-cp313t-musllinux_1_2_aarch64.whl", hash = "sha256:3727bc81f9be401da8da7a861229f6f11abf6e911b0b193429c3d7e830b212a8", size = 3944603, upload-time = "2025-08-02T23:25:43.048Z" },
    { url = "https://files.pythonhosted.org/packages/fb/d3/4269d055f1c53f610b56906fb0d764c54f426108d4d8541e89c22d3d2205/rnet-2.4.2-cp313-cp313t-musllinux_1_2_armv7l.whl", hash = "sha256:e7fbf5d45b896abf79eefc3487b57eb2d4d75138464d373dc60849ae917f8fd7", size = 3928730, upload-time = "2025-08-02T23:25:54.741Z" },
    { url = "https://files.pythonhosted.org/packages/5e/c2/fedcf898d68116b82e26c172514ecc4b0c4adbb402640629bcb0c6b99806/rnet-2.4.2-cp313-cp313t-musllinux_1_2_i686.whl", hash = "sha256:85779a684bd047c18ab2a6709ab0b1cbb295bd5ac10bac302f9a6ffc21979e19", size = 3995254, upload-time = "2025-08-02T23:26:08.639Z" },
    { url = "https://files.pythonhosted.org/packages/a4/dd/6ae1b46027827d1b87d19d7ffddd3999f0873f4eea76dc3477774bdae9a7/rnet-2.4.2-cp313-cp313t-musllinux_1_2_x86_64.whl", hash = "sha256:e924e69a878710f40311faf3c6d396e3e32da656c287613e77e15ea31363e55d", size = 4152690, upload-time = "2025-08-02T23:26:21.023Z" },
    { url = "https://files.pythonhosted.org/packages/e8/cb/79f76c8cecfe479896f4c12fb2c39edf1bedf25e9cb4641007e6b2e4d647/rnet-2.4.2-cp313-cp313t-win32.whl", hash = "sha256:4798d2d010d0662319f5542222b4f1bc6b944bb35b27b8aaff1912f6edd57667", size = 3195550, upload-time = "2025-08-02T23:26:59.308Z" },
    { url = "https://files.pythonhosted.org/packages/95/9f/5dd83cc69127b54e94ddfb5d1ce3f9866f0931248292a6d2408d2cdf3b0b/rnet-2.4.2-cp313-cp313t-win_amd64.whl", hash = "sha256:98209f96d084e4314d7a93289178f5310008f3fd2f614010bb9e9937490d47d2", size = 3554114, upload-time = "2025-08-02T23:26:46.526Z" },
    { url = "https://files.pythonhosted.org/packages/09/c6/3858fa8bcd135072f8babf0e1cb2a974f815452b9a58a019f758ca6bee3c/rnet-2.4.2-cp313-cp313t-win_arm64.whl", hash = "sha256:93c5437d5d39a255f0b744be633fba9f48a7ec33e50c87098d862cd34ffd220a", size = 3190499, upload-time = "2025-08-02T23:26:34.56Z" },
    { url = "https://files.pythonhosted.org/packages/0e/3d/1243feebfc687cb6779850d80b3bf26624b64b31d26b6eb8445b36159360/rnet-2.4.2-cp314-cp314-macosx_10_12_x86_64.whl", hash = "sha256:d449f40eaec90a9a0e4f710417baf3d4e0e78381fb16caa8ab9dcf15b513f97c", size = 3685880, upload-time = "2025-08-02T23:25:32.333Z" },
    { url = "https://files.pythonhosted.org/packages/99/50/a68ed861ccd2965bbbea6563ba176a0548035677e7447e94f1a4105ae69e/rnet-2.4.2-cp314-cp314-macosx_11_0_arm64.whl", hash = "sha256:a961d1215460c1a66d7e1fcf9532de9e5be7a14905ae10c27d357c069d319dce", size = 3411647, upload-time = "2025-08-02T23:25:19.189Z" },
    { url = "https://files.pythonhosted.org/packages/14/ff/74f9c6869f21a53c7d278139923d4fe40f2330bffebdf7f2d171acd44c74/rnet-2.4.2-cp314-cp314-manylinux_2_17_x86_64.manylinux2014_x86_64.whl", hash = "sha256:020c1719e3c36ec54a6b18a020201b21c796577ff053b9d483766bde2f3326d2", size = 3660610, upload-time = "2025-08-02T23:25:06.322Z" },
    { url = "https://files.pythonhosted.org/packages/be/ee/076920cf2c02f5117af978df7c6a9f2620798730b725bad384cb92c2863e/rnet-2.4.2-cp314-cp314-manylinux_2_34_aarch64.whl", hash = "sha256:b37f4e587f9c561e555242d1c1e14be67b516e4dae8e7ac04546379d67d0de6b", size = 3605173, upload-time = "2025-08-02T23:24:28.528Z" },
    { url = "https://files.pythonhosted.org/packages/fc/22/0a5046e21a196073dff4f90eee2b0069372b80ff79cb02d5032b6dde7f72/rnet-2.4.2-cp314-cp314-manylinux_2_34_armv7l.whl", hash = "sha256:415d849312597da5e3a10f382b17d74f65235abbc22f111c7ded7943c7357213", size = 3421925, upload-time = "2025-08-02T23:24:41.184Z" },
    { url = "https://files.pythonhosted.org/packages/82/50/b1bbd02bd879ecb896e19a0f295deaeafd3b382a8dd5fb18bd8968154401/rnet-2.4.2-cp314-cp314-manylinux_2_34_i686.whl", hash = "sha256:16101f984d8be37f9a132585bbc789f99e75c08b431cf4a6f0c14249bacea727", size = 3682443, upload-time = "2025-08-02T23:24:53.821Z" },
    { url = "https://files.pythonhosted.org/packages/e8/e7/f8e54c9ec22e7f3a091a038adb9cd7634a0143cd2e9344958d3e5a063c36/rnet-2.4.2-cp314-cp314-musllinux_1_2_aarch64.whl", hash = "sha256:d00f303c0b065d29c8df076a79adb7bfad290db39210b0361428353279aef457", size = 3946724, upload-time = "2025-08-02T23:25:44.282Z" },
    { url = "https://files.pythonhosted.org/packages/b7/e9/1247ea6e07939756efc829a69c69e9d6d8aca53297f30af8d0c9fb433c51/rnet-2.4.2-cp314-cp314-musllinux_1_2_armv7l.whl", hash = "sha256:f966304426580290ea59d554eb3753c5a89add3e429a842b126a933f2ced3511", size = 3901273, upload-time = "2025-08-02T23:25:57.585Z" },
    { url = "https://files.pythonhosted.org/packages/8f/9f/7850511cabf832731542ad725ca8a7a19ad113f0118e82f4f694e1bb7e07/rnet-2.4.2-cp314-cp314-musllinux_1_2_i686.whl", hash = "sha256:5433c8acb1fbc285ab32617e699497437856bd2d913891949c242e92de730d18", size = 3997674, upload-time = "2025-08-02T23:26:09.92Z" },
    { url = "https://files.pythonhosted.org/packages/e4/e1/51290a451fec6bb39346df02df05f9f196a9c6bc3880fe0c1aa02ec95a2c/rnet-2.4.2-cp314-cp314-musllinux_1_2_x86_64.whl", hash = "sha256:6158ffeaeeb54cc64393a11b274c33d3cb9ae7f828aee87978a929204378daa7", size = 4152289, upload-time = "2025-08-02T23:26:22.536Z" },
    { url = "https://files.pythonhosted.org/packages/1b/2e/682f17b5ee05baf57775bce571ebe78a56aa65a19fd6fa16e817ac9e0e1a/rnet-2.4.2-cp314-cp314-win32.whl", hash = "sha256:aa02df462656e1e2aaca3c4c054c0cda93db83324db281e3f69b69e2f31ca323", size = 3202385, upload-time = "2025-08-02T23:27:00.648Z" },
    { url = "https://files.pythonhosted.org/packages/50/04/f982c8020f2327ec88a6464ba74a390b37fbb5d194d44e24ea7a7fef37fe/rnet-2.4.2-cp314-cp314-win_amd64.whl", hash = "sha256:4cedbb836e994c2be74862485317b28198855c620319ac65d3e486fe7a583ef4", size = 3564422, upload-time = "2025-08-02T23:26:48.001Z" },
    { url = "https://files.pythonhosted.org/packages/51/7d/fa1e9962e9ad994dc8d5ddbda0e27a1f57f26a1203de78f4a9a65acab60a/rnet-2.4.2-cp314-cp314-win_arm64.whl", hash = "sha256:37fda3225b1a0475f761d8ab0aed8992dab01427441e97733f54f53d57500b1c", size = 3200605, upload-time = "2025-08-02T23:26:35.844Z" },
]

[[package]]
name = "selectolax"
version = "0.3.31"
source = { registry = "https://pypi.org/simple" }
sdist = { url = "https://files.pythonhosted.org/packages/14/38/27c125553ead2b003b8deb0e0d6a2a9c0fab8a33dee71dc492f710c2b911/selectolax-0.3.31.tar.gz", hash = "sha256:1427c2c7d83e8ca04fde77cae3222ab3f97b9f98db1ada06ceb93682b3cf202d", size = 4705062, upload-time = "2025-07-01T13:12:55.372Z" }
wheels = [
    { url = "https://files.pythonhosted.org/packages/f5/4a/b57fb6d4d6f7dbdf46538fa8bbcdf23d038fa5e38f6b3d568bac4c29b59b/selectolax-0.3.31-cp313-cp313-macosx_10_13_x86_64.whl", hash = "sha256:68fdf557b6ebbb55f28b3747f29591694d12eec16f56cb8a5f8f4fab04b4fa0a", size = 2075492, upload-time = "2025-07-01T13:12:32.078Z" },
    { url = "https://files.pythonhosted.org/packages/b2/1c/eafcfb255b3fa7eb0d4a563c789fc17540e89da303c3da642f906cc6718d/selectolax-0.3.31-cp313-cp313-macosx_11_0_arm64.whl", hash = "sha256:c8937b21aef5c752b03368a88c6c889bc1557299926194cf248ed16f64617e6c", size = 2069797, upload-time = "2025-07-01T13:12:33.696Z" },
    { url = "https://files.pythonhosted.org/packages/b3/0b/75ebd89e4391bc959a0d66ae18c3be274fa3542cba7bf64c1d9c8f4370c4/selectolax-0.3.31-cp313-cp313-manylinux2014_aarch64.manylinux_2_17_aarch64.manylinux_2_28_aarch64.whl", hash = "sha256:ee1414a76142c3474f26df0140cda1edb92cc5f44d995de88bcf48982dc6c986", size = 5746598, upload-time = "2025-07-01T13:12:35.496Z" },
    { url = "https://files.pythonhosted.org/packages/da/d3/0d9ae2678597f2073507b2762ab9854c2cd2564912510618595be645f89e/selectolax-0.3.31-cp313-cp313-manylinux2014_x86_64.manylinux_2_17_x86_64.manylinux_2_28_x86_64.whl", hash = "sha256:90b63149e1e44e4b8fcd06669f30a7c68062bfb264d8c621d03fdc4850e6e5c9", size = 5781753, upload-time = "2025-07-01T13:12:37.118Z" },
    { url = "https://files.pythonhosted.org/packages/53/49/b96bd5ccb0e3a22c968b1a4780396e68d69288187185dac5cec344eada65/selectolax-0.3.31-cp313-cp313-win_amd64.whl", hash = "sha256:0f3b32d50c663b27d5b59c303c1aef1b4a3ae654b5e6921e17f25ed6f09a6d95", size = 1789255, upload-time = "2025-07-01T13:12:38.607Z" },
    { url = "https://files.pythonhosted.org/packages/f0/41/d94e2608bcbda96605d888ba02668c6d1fc56fd7ef8b39b4d0f0f235b283/selectolax-0.3.31-cp313-cp313-win_arm64.whl", hash = "sha256:e1985c95c91c1244d99ce5ec3284a1256a2da75232cdfde6932f3bdb469a7a8d", size = 1734157, upload-time = "2025-07-01T13:12:39.934Z" },
]

[[package]]
name = "stack-data"
version = "0.6.3"
source = { registry = "https://pypi.org/simple" }
dependencies = [
    { name = "asttokens" },
    { name = "executing" },
    { name = "pure-eval" },
]
sdist = { url = "https://files.pythonhosted.org/packages/28/e3/55dcc2cfbc3ca9c29519eb6884dd1415ecb53b0e934862d3559ddcb7e20b/stack_data-0.6.3.tar.gz", hash = "sha256:836a778de4fec4dcd1dcd89ed8abff8a221f58308462e1c4aa2a3cf30148f0b9", size = 44707, upload-time = "2023-09-30T13:58:05.479Z" }
wheels = [
    { url = "https://files.pythonhosted.org/packages/f1/7b/ce1eafaf1a76852e2ec9b22edecf1daa58175c090266e9f6c64afcd81d91/stack_data-0.6.3-py3-none-any.whl", hash = "sha256:d5558e0c25a4cb0853cddad3d77da9891a08cb85dd9f9f91b9f8cd66e511e695", size = 24521, upload-time = "2023-09-30T13:58:03.53Z" },
]

[[package]]
name = "traitlets"
version = "5.14.3"
source = { registry = "https://pypi.org/simple" }
sdist = { url = "https://files.pythonhosted.org/packages/eb/79/72064e6a701c2183016abbbfedaba506d81e30e232a68c9f0d6f6fcd1574/traitlets-5.14.3.tar.gz", hash = "sha256:9ed0579d3502c94b4b3732ac120375cda96f923114522847de4b3bb98b96b6b7", size = 161621, upload-time = "2024-04-19T11:11:49.746Z" }
wheels = [
    { url = "https://files.pythonhosted.org/packages/00/c0/8f5d070730d7836adc9c9b6408dec68c6ced86b304a9b26a14df072a6e8c/traitlets-5.14.3-py3-none-any.whl", hash = "sha256:b74e89e397b1ed28cc831db7aea759ba6640cb3de13090ca145426688ff1ac4f", size = 85359, upload-time = "2024-04-19T11:11:46.763Z" },
]

[[package]]
name = "wcwidth"
version = "0.2.13"
source = { registry = "https://pypi.org/simple" }
sdist = { url = "https://files.pythonhosted.org/packages/6c/63/53559446a878410fc5a5974feb13d31d78d752eb18aeba59c7fef1af7598/wcwidth-0.2.13.tar.gz", hash = "sha256:72ea0c06399eb286d978fdedb6923a9eb47e1c486ce63e9b4e64fc18303972b5", size = 101301, upload-time = "2024-01-06T02:10:57.829Z" }
wheels = [
    { url = "https://files.pythonhosted.org/packages/fd/84/fd2ba7aafacbad3c4201d395674fc6348826569da3c0937e75505ead3528/wcwidth-0.2.13-py2.py3-none-any.whl", hash = "sha256:3da69048e4540d84af32131829ff948f1e022c1c6bdb8d6102117aac784f6859", size = 34166, upload-time = "2024-01-06T02:10:55.763Z" },
]
